// !$*UTF8*$!
{
	archiveVersion = 1;
	classes = {
	};
	objectVersion = 48;
	objects = {

/* Begin PBXBuildFile section */
		268918D82D704DB1B6E0A4D0 /* Pods_Cloneagram.framework in Frameworks */ = {isa = PBXBuildFile; fileRef = B4BB0825A815B2EBC4A207C9 /* Pods_Cloneagram.framework */; };
		3F0BE32A2068F3D900C2DA04 /* FirebaseManager.swift in Sources */ = {isa = PBXBuildFile; fileRef = 3F0BE3292068F3D800C2DA04 /* FirebaseManager.swift */; };
		3F40B457204835D2004A61BB /* GoogleService-Info.plist in Resources */ = {isa = PBXBuildFile; fileRef = 3F40B456204835D2004A61BB /* GoogleService-Info.plist */; };
		3F53A4F220668475005639E9 /* ViewPhotoTableViewController.swift in Sources */ = {isa = PBXBuildFile; fileRef = 3F53A4F120668475005639E9 /* ViewPhotoTableViewController.swift */; };
		3F53A4F420668A5E005639E9 /* Models.swift in Sources */ = {isa = PBXBuildFile; fileRef = 3F53A4F320668A5E005639E9 /* Models.swift */; };
		3F58C55E2052CBE800F5F26B /* FeedTableViewController.swift in Sources */ = {isa = PBXBuildFile; fileRef = 3F58C55D2052CBE800F5F26B /* FeedTableViewController.swift */; };
		3F5BC73C20B2F8F700253056 /* ViewProfileViewController.swift in Sources */ = {isa = PBXBuildFile; fileRef = 3F5BC73B20B2F8F700253056 /* ViewProfileViewController.swift */; };
		3F680BA0205147BD002A8D76 /* ChoosePhotoViewController.swift in Sources */ = {isa = PBXBuildFile; fileRef = 3F680B9F205147BD002A8D76 /* ChoosePhotoViewController.swift */; };
		3FA9937E20823D6A0021956C /* LikesTableViewCell.swift in Sources */ = {isa = PBXBuildFile; fileRef = 3FA9937D20823D6A0021956C /* LikesTableViewCell.swift */; };
		3FA9938020824FF60021956C /* CommentTableViewCell.swift in Sources */ = {isa = PBXBuildFile; fileRef = 3FA9937F20824FF60021956C /* CommentTableViewCell.swift */; };
		3FBCF78920B2FE4500A9FE04 /* ViewProfileTableViewController.swift in Sources */ = {isa = PBXBuildFile; fileRef = 3FBCF78820B2FE4500A9FE04 /* ViewProfileTableViewController.swift */; };
		3FDDD3A8206A876700DCF2A1 /* PhotoTableViewCell.xib in Resources */ = {isa = PBXBuildFile; fileRef = 3FDDD3A7206A876600DCF2A1 /* PhotoTableViewCell.xib */; };
		3FDDD3AA206A88F700DCF2A1 /* PhotoTableViewCell.swift in Sources */ = {isa = PBXBuildFile; fileRef = 3FDDD3A9206A88F700DCF2A1 /* PhotoTableViewCell.swift */; };
		3FE95D8120B2E1B70048DC09 /* SettingsTableViewController.swift in Sources */ = {isa = PBXBuildFile; fileRef = 3FE95D8020B2E1B70048DC09 /* SettingsTableViewController.swift */; };
		3FEC087920B1A1C700CB836A /* NewCommentTableViewCell.swift in Sources */ = {isa = PBXBuildFile; fileRef = 3FEC087820B1A1C700CB836A /* NewCommentTableViewCell.swift */; };
		3FEC087B20B1B73100CB836A /* Constants.swift in Sources */ = {isa = PBXBuildFile; fileRef = 3FEC087A20B1B73100CB836A /* Constants.swift */; };
		3FF9AE8520B440C000B1B84F /* SearchViewController.swift in Sources */ = {isa = PBXBuildFile; fileRef = 3FF9AE8420B440C000B1B84F /* SearchViewController.swift */; };
		3FF9AE8720B440D000B1B84F /* SearchTableViewController.swift in Sources */ = {isa = PBXBuildFile; fileRef = 3FF9AE8620B440D000B1B84F /* SearchTableViewController.swift */; };
		3FF9AE8920B4472200B1B84F /* SearchResultTableViewCell.swift in Sources */ = {isa = PBXBuildFile; fileRef = 3FF9AE8820B4472200B1B84F /* SearchResultTableViewCell.swift */; };
		3FFFAB722047F2A40065D308 /* AppDelegate.swift in Sources */ = {isa = PBXBuildFile; fileRef = 3FFFAB712047F2A40065D308 /* AppDelegate.swift */; };
		3FFFAB772047F2A40065D308 /* Main.storyboard in Resources */ = {isa = PBXBuildFile; fileRef = 3FFFAB752047F2A40065D308 /* Main.storyboard */; };
		3FFFAB792047F2A40065D308 /* Assets.xcassets in Resources */ = {isa = PBXBuildFile; fileRef = 3FFFAB782047F2A40065D308 /* Assets.xcassets */; };
		3FFFAB7C2047F2A40065D308 /* LaunchScreen.storyboard in Resources */ = {isa = PBXBuildFile; fileRef = 3FFFAB7A2047F2A40065D308 /* LaunchScreen.storyboard */; };
		3FFFAB862047F6E40065D308 /* SignInViewController.swift in Sources */ = {isa = PBXBuildFile; fileRef = 3FFFAB852047F6E40065D308 /* SignInViewController.swift */; };
		3FFFAB88204802450065D308 /* CreateUserViewController.swift in Sources */ = {isa = PBXBuildFile; fileRef = 3FFFAB87204802450065D308 /* CreateUserViewController.swift */; };
		3FFFAB8A204807080065D308 /* Util.swift in Sources */ = {isa = PBXBuildFile; fileRef = 3FFFAB89204807080065D308 /* Util.swift */; };
/* End PBXBuildFile section */

/* Begin PBXFileReference section */
		3F0BE3292068F3D800C2DA04 /* FirebaseManager.swift */ = {isa = PBXFileReference; lastKnownFileType = sourcecode.swift; path = FirebaseManager.swift; sourceTree = "<group>"; };
		3F40B456204835D2004A61BB /* GoogleService-Info.plist */ = {isa = PBXFileReference; fileEncoding = 4; lastKnownFileType = text.plist.xml; path = "GoogleService-Info.plist"; sourceTree = "<group>"; };
		3F53A4F120668475005639E9 /* ViewPhotoTableViewController.swift */ = {isa = PBXFileReference; lastKnownFileType = sourcecode.swift; path = ViewPhotoTableViewController.swift; sourceTree = "<group>"; };
		3F53A4F320668A5E005639E9 /* Models.swift */ = {isa = PBXFileReference; lastKnownFileType = sourcecode.swift; path = Models.swift; sourceTree = "<group>"; };
		3F58C55D2052CBE800F5F26B /* FeedTableViewController.swift */ = {isa = PBXFileReference; lastKnownFileType = sourcecode.swift; path = FeedTableViewController.swift; sourceTree = "<group>"; };
		3F5BC73B20B2F8F700253056 /* ViewProfileViewController.swift */ = {isa = PBXFileReference; lastKnownFileType = sourcecode.swift; path = ViewProfileViewController.swift; sourceTree = "<group>"; };
		3F680B9F205147BD002A8D76 /* ChoosePhotoViewController.swift */ = {isa = PBXFileReference; lastKnownFileType = sourcecode.swift; path = ChoosePhotoViewController.swift; sourceTree = "<group>"; };
		3FA9937D20823D6A0021956C /* LikesTableViewCell.swift */ = {isa = PBXFileReference; lastKnownFileType = sourcecode.swift; path = LikesTableViewCell.swift; sourceTree = "<group>"; };
		3FA9937F20824FF60021956C /* CommentTableViewCell.swift */ = {isa = PBXFileReference; lastKnownFileType = sourcecode.swift; path = CommentTableViewCell.swift; sourceTree = "<group>"; };
		3FBCF78820B2FE4500A9FE04 /* ViewProfileTableViewController.swift */ = {isa = PBXFileReference; lastKnownFileType = sourcecode.swift; path = ViewProfileTableViewController.swift; sourceTree = "<group>"; };
		3FDDD3A7206A876600DCF2A1 /* PhotoTableViewCell.xib */ = {isa = PBXFileReference; lastKnownFileType = file.xib; path = PhotoTableViewCell.xib; sourceTree = "<group>"; };
		3FDDD3A9206A88F700DCF2A1 /* PhotoTableViewCell.swift */ = {isa = PBXFileReference; lastKnownFileType = sourcecode.swift; path = PhotoTableViewCell.swift; sourceTree = "<group>"; };
		3FE95D8020B2E1B70048DC09 /* SettingsTableViewController.swift */ = {isa = PBXFileReference; lastKnownFileType = sourcecode.swift; path = SettingsTableViewController.swift; sourceTree = "<group>"; };
		3FEC087820B1A1C700CB836A /* NewCommentTableViewCell.swift */ = {isa = PBXFileReference; lastKnownFileType = sourcecode.swift; path = NewCommentTableViewCell.swift; sourceTree = "<group>"; };
		3FEC087A20B1B73100CB836A /* Constants.swift */ = {isa = PBXFileReference; lastKnownFileType = sourcecode.swift; path = Constants.swift; sourceTree = "<group>"; };
		3FF9AE8420B440C000B1B84F /* SearchViewController.swift */ = {isa = PBXFileReference; lastKnownFileType = sourcecode.swift; path = SearchViewController.swift; sourceTree = "<group>"; };
		3FF9AE8620B440D000B1B84F /* SearchTableViewController.swift */ = {isa = PBXFileReference; lastKnownFileType = sourcecode.swift; path = SearchTableViewController.swift; sourceTree = "<group>"; };
		3FF9AE8820B4472200B1B84F /* SearchResultTableViewCell.swift */ = {isa = PBXFileReference; lastKnownFileType = sourcecode.swift; path = SearchResultTableViewCell.swift; sourceTree = "<group>"; };
		3FFFAB6E2047F2A40065D308 /* Cloneagram.app */ = {isa = PBXFileReference; explicitFileType = wrapper.application; includeInIndex = 0; path = Cloneagram.app; sourceTree = BUILT_PRODUCTS_DIR; };
		3FFFAB712047F2A40065D308 /* AppDelegate.swift */ = {isa = PBXFileReference; lastKnownFileType = sourcecode.swift; path = AppDelegate.swift; sourceTree = "<group>"; };
		3FFFAB762047F2A40065D308 /* Base */ = {isa = PBXFileReference; lastKnownFileType = file.storyboard; name = Base; path = Base.lproj/Main.storyboard; sourceTree = "<group>"; };
		3FFFAB782047F2A40065D308 /* Assets.xcassets */ = {isa = PBXFileReference; lastKnownFileType = folder.assetcatalog; path = Assets.xcassets; sourceTree = "<group>"; };
		3FFFAB7B2047F2A40065D308 /* Base */ = {isa = PBXFileReference; lastKnownFileType = file.storyboard; name = Base; path = Base.lproj/LaunchScreen.storyboard; sourceTree = "<group>"; };
		3FFFAB7D2047F2A40065D308 /* Info.plist */ = {isa = PBXFileReference; lastKnownFileType = text.plist.xml; path = Info.plist; sourceTree = "<group>"; };
		3FFFAB852047F6E40065D308 /* SignInViewController.swift */ = {isa = PBXFileReference; lastKnownFileType = sourcecode.swift; path = SignInViewController.swift; sourceTree = "<group>"; };
		3FFFAB87204802450065D308 /* CreateUserViewController.swift */ = {isa = PBXFileReference; lastKnownFileType = sourcecode.swift; path = CreateUserViewController.swift; sourceTree = "<group>"; };
		3FFFAB89204807080065D308 /* Util.swift */ = {isa = PBXFileReference; lastKnownFileType = sourcecode.swift; path = Util.swift; sourceTree = "<group>"; };
		4B2F32F0B08E220CB63A1B1D /* Pods-Cloneagram.release.xcconfig */ = {isa = PBXFileReference; includeInIndex = 1; lastKnownFileType = text.xcconfig; name = "Pods-Cloneagram.release.xcconfig"; path = "Pods/Target Support Files/Pods-Cloneagram/Pods-Cloneagram.release.xcconfig"; sourceTree = "<group>"; };
		B4BB0825A815B2EBC4A207C9 /* Pods_Cloneagram.framework */ = {isa = PBXFileReference; explicitFileType = wrapper.framework; includeInIndex = 0; path = Pods_Cloneagram.framework; sourceTree = BUILT_PRODUCTS_DIR; };
		FA3E8F0D055EDEA68FF7865A /* Pods-Cloneagram.debug.xcconfig */ = {isa = PBXFileReference; includeInIndex = 1; lastKnownFileType = text.xcconfig; name = "Pods-Cloneagram.debug.xcconfig"; path = "Pods/Target Support Files/Pods-Cloneagram/Pods-Cloneagram.debug.xcconfig"; sourceTree = "<group>"; };
/* End PBXFileReference section */

/* Begin PBXFrameworksBuildPhase section */
		3FFFAB6B2047F2A40065D308 /* Frameworks */ = {
			isa = PBXFrameworksBuildPhase;
			buildActionMask = 2147483647;
			files = (
				268918D82D704DB1B6E0A4D0 /* Pods_Cloneagram.framework in Frameworks */,
			);
			runOnlyForDeploymentPostprocessing = 0;
		};
/* End PBXFrameworksBuildPhase section */

/* Begin PBXGroup section */
		1B2D123DA75BD2C17EF358F2 /* Pods */ = {
			isa = PBXGroup;
			children = (
				FA3E8F0D055EDEA68FF7865A /* Pods-Cloneagram.debug.xcconfig */,
				4B2F32F0B08E220CB63A1B1D /* Pods-Cloneagram.release.xcconfig */,
			);
			name = Pods;
			sourceTree = "<group>";
		};
		3FF1594720B6F54C00F3A3A9 /* ViewControllers */ = {
			isa = PBXGroup;
			children = (
				3FF9AE8420B440C000B1B84F /* SearchViewController.swift */,
				3FFFAB852047F6E40065D308 /* SignInViewController.swift */,
				3F680B9F205147BD002A8D76 /* ChoosePhotoViewController.swift */,
				3FFFAB87204802450065D308 /* CreateUserViewController.swift */,
				3F58C55D2052CBE800F5F26B /* FeedTableViewController.swift */,
				3FF9AE8620B440D000B1B84F /* SearchTableViewController.swift */,
				3FE95D8020B2E1B70048DC09 /* SettingsTableViewController.swift */,
				3F53A4F120668475005639E9 /* ViewPhotoTableViewController.swift */,
				3FBCF78820B2FE4500A9FE04 /* ViewProfileTableViewController.swift */,
				3F5BC73B20B2F8F700253056 /* ViewProfileViewController.swift */,
			);
			path = ViewControllers;
			sourceTree = "<group>";
		};
		3FF1594820B6F59D00F3A3A9 /* TableViewCells */ = {
			isa = PBXGroup;
			children = (
				3FA9937F20824FF60021956C /* CommentTableViewCell.swift */,
				3FA9937D20823D6A0021956C /* LikesTableViewCell.swift */,
				3FEC087820B1A1C700CB836A /* NewCommentTableViewCell.swift */,
				3FDDD3A9206A88F700DCF2A1 /* PhotoTableViewCell.swift */,
				3FDDD3A7206A876600DCF2A1 /* PhotoTableViewCell.xib */,
				3FF9AE8820B4472200B1B84F /* SearchResultTableViewCell.swift */,
			);
			path = TableViewCells;
			sourceTree = "<group>";
		};
		3FFFAB652047F2A40065D308 = {
			isa = PBXGroup;
			children = (
				3FFFAB702047F2A40065D308 /* Cloneagram */,
				3FFFAB6F2047F2A40065D308 /* Products */,
				1B2D123DA75BD2C17EF358F2 /* Pods */,
				B2EB6DD1AC42D7165A9FA03C /* Frameworks */,
			);
			sourceTree = "<group>";
		};
		3FFFAB6F2047F2A40065D308 /* Products */ = {
			isa = PBXGroup;
			children = (
				3FFFAB6E2047F2A40065D308 /* Cloneagram.app */,
			);
			name = Products;
			sourceTree = "<group>";
		};
		3FFFAB702047F2A40065D308 /* Cloneagram */ = {
			isa = PBXGroup;
			children = (
				3FFFAB712047F2A40065D308 /* AppDelegate.swift */,
				3FFFAB782047F2A40065D308 /* Assets.xcassets */,
				3FEC087A20B1B73100CB836A /* Constants.swift */,
				3F0BE3292068F3D800C2DA04 /* FirebaseManager.swift */,
				3F40B456204835D2004A61BB /* GoogleService-Info.plist */,
				3FFFAB7D2047F2A40065D308 /* Info.plist */,
				3FFFAB7A2047F2A40065D308 /* LaunchScreen.storyboard */,
				3FFFAB752047F2A40065D308 /* Main.storyboard */,
				3F53A4F320668A5E005639E9 /* Models.swift */,
				3FF1594820B6F59D00F3A3A9 /* TableViewCells */,
				3FFFAB89204807080065D308 /* Util.swift */,
				3FF1594720B6F54C00F3A3A9 /* ViewControllers */,
			);
			path = Cloneagram;
			sourceTree = "<group>";
		};
		B2EB6DD1AC42D7165A9FA03C /* Frameworks */ = {
			isa = PBXGroup;
			children = (
				B4BB0825A815B2EBC4A207C9 /* Pods_Cloneagram.framework */,
			);
			name = Frameworks;
			sourceTree = "<group>";
		};
/* End PBXGroup section */

/* Begin PBXNativeTarget section */
		3FFFAB6D2047F2A40065D308 /* Cloneagram */ = {
			isa = PBXNativeTarget;
			buildConfigurationList = 3FFFAB802047F2A40065D308 /* Build configuration list for PBXNativeTarget "Cloneagram" */;
			buildPhases = (
				3BD35C9A4C3D8E96EC37C9A1 /* [CP] Check Pods Manifest.lock */,
				3FFFAB6A2047F2A40065D308 /* Sources */,
				3FFFAB6B2047F2A40065D308 /* Frameworks */,
				3FFFAB6C2047F2A40065D308 /* Resources */,
				6BE7B8F4A2ECA650DCD9FA82 /* [CP] Embed Pods Frameworks */,
				AC43133163AFD487A1C2984E /* [CP] Copy Pods Resources */,
			);
			buildRules = (
			);
			dependencies = (
			);
			name = Cloneagram;
			productName = Cloneagram;
			productReference = 3FFFAB6E2047F2A40065D308 /* Cloneagram.app */;
			productType = "com.apple.product-type.application";
		};
/* End PBXNativeTarget section */

/* Begin PBXProject section */
		3FFFAB662047F2A40065D308 /* Project object */ = {
			isa = PBXProject;
			attributes = {
				LastSwiftUpdateCheck = 0920;
				LastUpgradeCheck = 0920;
				ORGANIZATIONNAME = Student;
				TargetAttributes = {
					3FFFAB6D2047F2A40065D308 = {
						CreatedOnToolsVersion = 9.2;
						ProvisioningStyle = Automatic;
					};
				};
			};
			buildConfigurationList = 3FFFAB692047F2A40065D308 /* Build configuration list for PBXProject "Cloneagram" */;
			compatibilityVersion = "Xcode 8.0";
			developmentRegion = en;
			hasScannedForEncodings = 0;
			knownRegions = (
				en,
				Base,
			);
			mainGroup = 3FFFAB652047F2A40065D308;
			productRefGroup = 3FFFAB6F2047F2A40065D308 /* Products */;
			projectDirPath = "";
			projectRoot = "";
			targets = (
				3FFFAB6D2047F2A40065D308 /* Cloneagram */,
			);
		};
/* End PBXProject section */

/* Begin PBXResourcesBuildPhase section */
		3FFFAB6C2047F2A40065D308 /* Resources */ = {
			isa = PBXResourcesBuildPhase;
			buildActionMask = 2147483647;
			files = (
				3FFFAB7C2047F2A40065D308 /* LaunchScreen.storyboard in Resources */,
				3FDDD3A8206A876700DCF2A1 /* PhotoTableViewCell.xib in Resources */,
				3F40B457204835D2004A61BB /* GoogleService-Info.plist in Resources */,
				3FFFAB792047F2A40065D308 /* Assets.xcassets in Resources */,
				3FFFAB772047F2A40065D308 /* Main.storyboard in Resources */,
			);
			runOnlyForDeploymentPostprocessing = 0;
		};
/* End PBXResourcesBuildPhase section */

/* Begin PBXShellScriptBuildPhase section */
		3BD35C9A4C3D8E96EC37C9A1 /* [CP] Check Pods Manifest.lock */ = {
			isa = PBXShellScriptBuildPhase;
			buildActionMask = 2147483647;
			files = (
			);
			inputPaths = (
				"${PODS_PODFILE_DIR_PATH}/Podfile.lock",
				"${PODS_ROOT}/Manifest.lock",
			);
			name = "[CP] Check Pods Manifest.lock";
			outputPaths = (
				"$(DERIVED_FILE_DIR)/Pods-Cloneagram-checkManifestLockResult.txt",
			);
			runOnlyForDeploymentPostprocessing = 0;
			shellPath = /bin/sh;
			shellScript = "diff \"${PODS_PODFILE_DIR_PATH}/Podfile.lock\" \"${PODS_ROOT}/Manifest.lock\" > /dev/null\nif [ $? != 0 ] ; then\n    # print error to STDERR\n    echo \"error: The sandbox is not in sync with the Podfile.lock. Run 'pod install' or update your CocoaPods installation.\" >&2\n    exit 1\nfi\n# This output is used by Xcode 'outputs' to avoid re-running this script phase.\necho \"SUCCESS\" > \"${SCRIPT_OUTPUT_FILE_0}\"\n";
			showEnvVarsInLog = 0;
		};
		6BE7B8F4A2ECA650DCD9FA82 /* [CP] Embed Pods Frameworks */ = {
			isa = PBXShellScriptBuildPhase;
			buildActionMask = 2147483647;
			files = (
			);
			inputPaths = (
				"${SRCROOT}/Pods/Target Support Files/Pods-Cloneagram/Pods-Cloneagram-frameworks.sh",
				"${BUILT_PRODUCTS_DIR}/GTMSessionFetcher/GTMSessionFetcher.framework",
				"${BUILT_PRODUCTS_DIR}/GoogleToolboxForMac/GoogleToolboxForMac.framework",
				"${BUILT_PRODUCTS_DIR}/SDWebImage/SDWebImage.framework",
				"${BUILT_PRODUCTS_DIR}/leveldb-library/leveldb.framework",
				"${BUILT_PRODUCTS_DIR}/nanopb/nanopb.framework",
			);
			name = "[CP] Embed Pods Frameworks";
			outputPaths = (
				"${TARGET_BUILD_DIR}/${FRAMEWORKS_FOLDER_PATH}/GTMSessionFetcher.framework",
				"${TARGET_BUILD_DIR}/${FRAMEWORKS_FOLDER_PATH}/GoogleToolboxForMac.framework",
				"${TARGET_BUILD_DIR}/${FRAMEWORKS_FOLDER_PATH}/SDWebImage.framework",
				"${TARGET_BUILD_DIR}/${FRAMEWORKS_FOLDER_PATH}/leveldb.framework",
				"${TARGET_BUILD_DIR}/${FRAMEWORKS_FOLDER_PATH}/nanopb.framework",
			);
			runOnlyForDeploymentPostprocessing = 0;
			shellPath = /bin/sh;
			shellScript = "\"${SRCROOT}/Pods/Target Support Files/Pods-Cloneagram/Pods-Cloneagram-frameworks.sh\"\n";
			showEnvVarsInLog = 0;
		};
		AC43133163AFD487A1C2984E /* [CP] Copy Pods Resources */ = {
			isa = PBXShellScriptBuildPhase;
			buildActionMask = 2147483647;
			files = (
			);
			inputPaths = (
				"${SRCROOT}/Pods/Target Support Files/Pods-Cloneagram/Pods-Cloneagram-resources.sh",
				"${PODS_CONFIGURATION_BUILD_DIR}/FirebaseUI/FirebaseAuthUI.bundle",
			);
			name = "[CP] Copy Pods Resources";
			outputPaths = (
				"${TARGET_BUILD_DIR}/${UNLOCALIZED_RESOURCES_FOLDER_PATH}/FirebaseAuthUI.bundle",
			);
			runOnlyForDeploymentPostprocessing = 0;
			shellPath = /bin/sh;
			shellScript = "\"${SRCROOT}/Pods/Target Support Files/Pods-Cloneagram/Pods-Cloneagram-resources.sh\"\n";
			showEnvVarsInLog = 0;
		};
/* End PBXShellScriptBuildPhase section */

/* Begin PBXSourcesBuildPhase section */
		3FFFAB6A2047F2A40065D308 /* Sources */ = {
			isa = PBXSourcesBuildPhase;
			buildActionMask = 2147483647;
			files = (
				3F53A4F220668475005639E9 /* ViewPhotoTableViewController.swift in Sources */,
				3FBCF78920B2FE4500A9FE04 /* ViewProfileTableViewController.swift in Sources */,
				3FA9937E20823D6A0021956C /* LikesTableViewCell.swift in Sources */,
				3FF9AE8520B440C000B1B84F /* SearchViewController.swift in Sources */,
				3F5BC73C20B2F8F700253056 /* ViewProfileViewController.swift in Sources */,
				3FFFAB862047F6E40065D308 /* SignInViewController.swift in Sources */,
				3FF9AE8720B440D000B1B84F /* SearchTableViewController.swift in Sources */,
				3F0BE32A2068F3D900C2DA04 /* FirebaseManager.swift in Sources */,
				3FEC087B20B1B73100CB836A /* Constants.swift in Sources */,
				3F680BA0205147BD002A8D76 /* ChoosePhotoViewController.swift in Sources */,
				3F58C55E2052CBE800F5F26B /* FeedTableViewController.swift in Sources */,
				3FFFAB8A204807080065D308 /* Util.swift in Sources */,
				3FA9938020824FF60021956C /* CommentTableViewCell.swift in Sources */,
				3FF9AE8920B4472200B1B84F /* SearchResultTableViewCell.swift in Sources */,
				3FFFAB722047F2A40065D308 /* AppDelegate.swift in Sources */,
				3FDDD3AA206A88F700DCF2A1 /* PhotoTableViewCell.swift in Sources */,
				3FE95D8120B2E1B70048DC09 /* SettingsTableViewController.swift in Sources */,
				3FFFAB88204802450065D308 /* CreateUserViewController.swift in Sources */,
				3FEC087920B1A1C700CB836A /* NewCommentTableViewCell.swift in Sources */,
				3F53A4F420668A5E005639E9 /* Models.swift in Sources */,
			);
			runOnlyForDeploymentPostprocessing = 0;
		};
/* End PBXSourcesBuildPhase section */

/* Begin PBXVariantGroup section */
		3FFFAB752047F2A40065D308 /* Main.storyboard */ = {
			isa = PBXVariantGroup;
			children = (
				3FFFAB762047F2A40065D308 /* Base */,
			);
			name = Main.storyboard;
			sourceTree = "<group>";
		};
		3FFFAB7A2047F2A40065D308 /* LaunchScreen.storyboard */ = {
			isa = PBXVariantGroup;
			children = (
				3FFFAB7B2047F2A40065D308 /* Base */,
			);
			name = LaunchScreen.storyboard;
			sourceTree = "<group>";
		};
/* End PBXVariantGroup section */

/* Begin XCBuildConfiguration section */
		3FFFAB7E2047F2A40065D308 /* Debug */ = {
			isa = XCBuildConfiguration;
			buildSettings = {
				ALWAYS_SEARCH_USER_PATHS = NO;
				CLANG_ANALYZER_NONNULL = YES;
				CLANG_ANALYZER_NUMBER_OBJECT_CONVERSION = YES_AGGRESSIVE;
				CLANG_CXX_LANGUAGE_STANDARD = "gnu++14";
				CLANG_CXX_LIBRARY = "libc++";
				CLANG_ENABLE_MODULES = YES;
				CLANG_ENABLE_OBJC_ARC = YES;
				CLANG_WARN_BLOCK_CAPTURE_AUTORELEASING = YES;
				CLANG_WARN_BOOL_CONVERSION = YES;
				CLANG_WARN_COMMA = YES;
				CLANG_WARN_CONSTANT_CONVERSION = YES;
				CLANG_WARN_DIRECT_OBJC_ISA_USAGE = YES_ERROR;
				CLANG_WARN_DOCUMENTATION_COMMENTS = YES;
				CLANG_WARN_EMPTY_BODY = YES;
				CLANG_WARN_ENUM_CONVERSION = YES;
				CLANG_WARN_INFINITE_RECURSION = YES;
				CLANG_WARN_INT_CONVERSION = YES;
				CLANG_WARN_NON_LITERAL_NULL_CONVERSION = YES;
				CLANG_WARN_OBJC_LITERAL_CONVERSION = YES;
				CLANG_WARN_OBJC_ROOT_CLASS = YES_ERROR;
				CLANG_WARN_RANGE_LOOP_ANALYSIS = YES;
				CLANG_WARN_STRICT_PROTOTYPES = YES;
				CLANG_WARN_SUSPICIOUS_MOVE = YES;
				CLANG_WARN_UNGUARDED_AVAILABILITY = YES_AGGRESSIVE;
				CLANG_WARN_UNREACHABLE_CODE = YES;
				CLANG_WARN__DUPLICATE_METHOD_MATCH = YES;
				CODE_SIGN_IDENTITY = "iPhone Developer";
				COPY_PHASE_STRIP = NO;
				DEBUG_INFORMATION_FORMAT = dwarf;
				ENABLE_STRICT_OBJC_MSGSEND = YES;
				ENABLE_TESTABILITY = YES;
				GCC_C_LANGUAGE_STANDARD = gnu11;
				GCC_DYNAMIC_NO_PIC = NO;
				GCC_NO_COMMON_BLOCKS = YES;
				GCC_OPTIMIZATION_LEVEL = 0;
				GCC_PREPROCESSOR_DEFINITIONS = (
					"DEBUG=1",
					"$(inherited)",
				);
				GCC_WARN_64_TO_32_BIT_CONVERSION = YES;
				GCC_WARN_ABOUT_RETURN_TYPE = YES_ERROR;
				GCC_WARN_UNDECLARED_SELECTOR = YES;
				GCC_WARN_UNINITIALIZED_AUTOS = YES_AGGRESSIVE;
				GCC_WARN_UNUSED_FUNCTION = YES;
				GCC_WARN_UNUSED_VARIABLE = YES;
				IPHONEOS_DEPLOYMENT_TARGET = 11.2;
				MTL_ENABLE_DEBUG_INFO = YES;
				ONLY_ACTIVE_ARCH = YES;
				SDKROOT = iphoneos;
				SWIFT_ACTIVE_COMPILATION_CONDITIONS = DEBUG;
				SWIFT_OPTIMIZATION_LEVEL = "-Onone";
			};
			name = Debug;
		};
		3FFFAB7F2047F2A40065D308 /* Release */ = {
			isa = XCBuildConfiguration;
			buildSettings = {
				ALWAYS_SEARCH_USER_PATHS = NO;
				CLANG_ANALYZER_NONNULL = YES;
				CLANG_ANALYZER_NUMBER_OBJECT_CONVERSION = YES_AGGRESSIVE;
				CLANG_CXX_LANGUAGE_STANDARD = "gnu++14";
				CLANG_CXX_LIBRARY = "libc++";
				CLANG_ENABLE_MODULES = YES;
				CLANG_ENABLE_OBJC_ARC = YES;
				CLANG_WARN_BLOCK_CAPTURE_AUTORELEASING = YES;
				CLANG_WARN_BOOL_CONVERSION = YES;
				CLANG_WARN_COMMA = YES;
				CLANG_WARN_CONSTANT_CONVERSION = YES;
				CLANG_WARN_DIRECT_OBJC_ISA_USAGE = YES_ERROR;
				CLANG_WARN_DOCUMENTATION_COMMENTS = YES;
				CLANG_WARN_EMPTY_BODY = YES;
				CLANG_WARN_ENUM_CONVERSION = YES;
				CLANG_WARN_INFINITE_RECURSION = YES;
				CLANG_WARN_INT_CONVERSION = YES;
				CLANG_WARN_NON_LITERAL_NULL_CONVERSION = YES;
				CLANG_WARN_OBJC_LITERAL_CONVERSION = YES;
				CLANG_WARN_OBJC_ROOT_CLASS = YES_ERROR;
				CLANG_WARN_RANGE_LOOP_ANALYSIS = YES;
				CLANG_WARN_STRICT_PROTOTYPES = YES;
				CLANG_WARN_SUSPICIOUS_MOVE = YES;
				CLANG_WARN_UNGUARDED_AVAILABILITY = YES_AGGRESSIVE;
				CLANG_WARN_UNREACHABLE_CODE = YES;
				CLANG_WARN__DUPLICATE_METHOD_MATCH = YES;
				CODE_SIGN_IDENTITY = "iPhone Developer";
				COPY_PHASE_STRIP = NO;
				DEBUG_INFORMATION_FORMAT = "dwarf-with-dsym";
				ENABLE_NS_ASSERTIONS = NO;
				ENABLE_STRICT_OBJC_MSGSEND = YES;
				GCC_C_LANGUAGE_STANDARD = gnu11;
				GCC_NO_COMMON_BLOCKS = YES;
				GCC_WARN_64_TO_32_BIT_CONVERSION = YES;
				GCC_WARN_ABOUT_RETURN_TYPE = YES_ERROR;
				GCC_WARN_UNDECLARED_SELECTOR = YES;
				GCC_WARN_UNINITIALIZED_AUTOS = YES_AGGRESSIVE;
				GCC_WARN_UNUSED_FUNCTION = YES;
				GCC_WARN_UNUSED_VARIABLE = YES;
				IPHONEOS_DEPLOYMENT_TARGET = 11.2;
				MTL_ENABLE_DEBUG_INFO = NO;
				SDKROOT = iphoneos;
				SWIFT_OPTIMIZATION_LEVEL = "-Owholemodule";
				VALIDATE_PRODUCT = YES;
			};
			name = Release;
		};
		3FFFAB812047F2A40065D308 /* Debug */ = {
			isa = XCBuildConfiguration;
			baseConfigurationReference = FA3E8F0D055EDEA68FF7865A /* Pods-Cloneagram.debug.xcconfig */;
			buildSettings = {
				ASSETCATALOG_COMPILER_APPICON_NAME = AppIcon;
				CODE_SIGN_STYLE = Automatic;
				INFOPLIST_FILE = Cloneagram/Info.plist;
				LD_RUNPATH_SEARCH_PATHS = "$(inherited) @executable_path/Frameworks";
				PRODUCT_BUNDLE_IDENTIFIER = hu.ppke.itk.jasad.Cloneagram;
				PRODUCT_NAME = "$(TARGET_NAME)";
				SWIFT_VERSION = 4.0;
				TARGETED_DEVICE_FAMILY = "1,2";
			};
			name = Debug;
		};
		3FFFAB822047F2A40065D308 /* Release */ = {
			isa = XCBuildConfiguration;
			baseConfigurationReference = 4B2F32F0B08E220CB63A1B1D /* Pods-Cloneagram.release.xcconfig */;
			buildSettings = {
				ASSETCATALOG_COMPILER_APPICON_NAME = AppIcon;
				CODE_SIGN_STYLE = Automatic;
				INFOPLIST_FILE = Cloneagram/Info.plist;
				LD_RUNPATH_SEARCH_PATHS = "$(inherited) @executable_path/Frameworks";
				PRODUCT_BUNDLE_IDENTIFIER = hu.ppke.itk.jasad.Cloneagram;
				PRODUCT_NAME = "$(TARGET_NAME)";
				SWIFT_VERSION = 4.0;
				TARGETED_DEVICE_FAMILY = "1,2";
			};
			name = Release;
		};
/* End XCBuildConfiguration section */

/* Begin XCConfigurationList section */
		3FFFAB692047F2A40065D308 /* Build configuration list for PBXProject "Cloneagram" */ = {
			isa = XCConfigurationList;
			buildConfigurations = (
				3FFFAB7E2047F2A40065D308 /* Debug */,
				3FFFAB7F2047F2A40065D308 /* Release */,
			);
			defaultConfigurationIsVisible = 0;
			defaultConfigurationName = Release;
		};
		3FFFAB802047F2A40065D308 /* Build configuration list for PBXNativeTarget "Cloneagram" */ = {
			isa = XCConfigurationList;
			buildConfigurations = (
				3FFFAB812047F2A40065D308 /* Debug */,
				3FFFAB822047F2A40065D308 /* Release */,
			);
			defaultConfigurationIsVisible = 0;
			defaultConfigurationName = Release;
		};
/* End XCConfigurationList section */
	};
	rootObject = 3FFFAB662047F2A40065D308 /* Project object */;
}
